
Microsoft Visual Studio Solution File, Format Version 12.00
# Visual Studio Version 17
VisualStudioVersion = 17.9.34728.123
MinimumVisualStudioVersion = 10.0.40219.1
Project("{FAE04EC0-301F-11D3-BF4B-00C04F79EFBC}") = "csharp-calcolatrice", "csharp-calcolatrice.csproj", "{1D955D7B-C084-43B0-90E0-41F82AF6AF66}"
EndProject
Global
	GlobalSection(SolutionConfigurationPlatforms) = preSolution
		Debug|Any CPU = Debug|Any CPU
		Release|Any CPU = Release|Any CPU
	EndGlobalSection
	GlobalSection(ProjectConfigurationPlatforms) = postSolution
		{1D955D7B-C084-43B0-90E0-41F82AF6AF66}.Debug|Any CPU.ActiveCfg = Debug|Any CPU
		{1D955D7B-C084-43B0-90E0-41F82AF6AF66}.Debug|Any CPU.Build.0 = Debug|Any CPU
		{1D955D7B-C084-43B0-90E0-41F82AF6AF66}.Release|Any CPU.ActiveCfg = Release|Any CPU
		{1D955D7B-C084-43B0-90E0-41F82AF6AF66}.Release|Any CPU.Build.0 = Release|Any CPU
	EndGlobalSection
	GlobalSection(SolutionProperties) = preSolution
		HideSolutionNode = FALSE
	EndGlobalSection
	GlobalSection(ExtensibilityGlobals) = postSolution
		SolutionGuid = {A5F99B0C-313D-468D-B623-34777168EB8E}
	EndGlobalSection
EndGlobal
